// !$*UTF8*$!
{
	archiveVersion = 1;
	classes = {
	};
	objectVersion = 46;
	objects = {

/* Begin PBXBuildFile section */
		03093B371D3800AF002FD8A9 /* OSCAddress.swift in Sources */ = {isa = PBXBuildFile; fileRef = 03093B2B1D3800AF002FD8A9 /* OSCAddress.swift */; };
		03093B381D3800AF002FD8A9 /* OSCAddressPattern.swift in Sources */ = {isa = PBXBuildFile; fileRef = 03093B2C1D3800AF002FD8A9 /* OSCAddressPattern.swift */; };
		03093B391D3800AF002FD8A9 /* OSCClient.swift in Sources */ = {isa = PBXBuildFile; fileRef = 03093B2E1D3800AF002FD8A9 /* OSCClient.swift */; };
		03093B3A1D3800AF002FD8A9 /* OSCServer.swift in Sources */ = {isa = PBXBuildFile; fileRef = 03093B2F1D3800AF002FD8A9 /* OSCServer.swift */; };
		03093B3B1D3800AF002FD8A9 /* OSCBundle.swift in Sources */ = {isa = PBXBuildFile; fileRef = 03093B311D3800AF002FD8A9 /* OSCBundle.swift */; };
		03093B3C1D3800AF002FD8A9 /* OSCElementProtocol.swift in Sources */ = {isa = PBXBuildFile; fileRef = 03093B321D3800AF002FD8A9 /* OSCElementProtocol.swift */; };
		03093B3D1D3800AF002FD8A9 /* OSCMessage.swift in Sources */ = {isa = PBXBuildFile; fileRef = 03093B331D3800AF002FD8A9 /* OSCMessage.swift */; };
		03093B3E1D3800AF002FD8A9 /* Extensions.swift in Sources */ = {isa = PBXBuildFile; fileRef = 03093B351D3800AF002FD8A9 /* Extensions.swift */; };
		03093B3F1D3800AF002FD8A9 /* Timer.swift in Sources */ = {isa = PBXBuildFile; fileRef = 03093B361D3800AF002FD8A9 /* Timer.swift */; };
		03093B431D380AA3002FD8A9 /* ysocket.swift in Sources */ = {isa = PBXBuildFile; fileRef = 03093B401D380AA3002FD8A9 /* ysocket.swift */; };
		03093B441D380AA3002FD8A9 /* yudpsocket.c in Sources */ = {isa = PBXBuildFile; fileRef = 03093B411D380AA3002FD8A9 /* yudpsocket.c */; };
		03093B451D380AA3002FD8A9 /* yudpsocket.swift in Sources */ = {isa = PBXBuildFile; fileRef = 03093B421D380AA3002FD8A9 /* yudpsocket.swift */; };
		0339A3591D37FCEB0060ED91 /* SwiftOSC.h in Headers */ = {isa = PBXBuildFile; fileRef = 0339A3571D37FCEB0060ED91 /* SwiftOSC.h */; settings = {ATTRIBUTES = (Public, ); }; };
		0339A36C1D37FE250060ED91 /* Float.swift in Sources */ = {isa = PBXBuildFile; fileRef = 0339A3601D37FE250060ED91 /* Float.swift */; };
		0339A36D1D37FE260060ED91 /* String.swift in Sources */ = {isa = PBXBuildFile; fileRef = 0339A3611D37FE250060ED91 /* String.swift */; };
		0339A36F1D37FE260060ED91 /* Blob.swift in Sources */ = {isa = PBXBuildFile; fileRef = 0339A3631D37FE250060ED91 /* Blob.swift */; };
		0339A3701D37FE260060ED91 /* Bool.swift in Sources */ = {isa = PBXBuildFile; fileRef = 0339A3641D37FE250060ED91 /* Bool.swift */; };
		0339A3731D37FE260060ED91 /* Impulse.swift in Sources */ = {isa = PBXBuildFile; fileRef = 0339A3671D37FE250060ED91 /* Impulse.swift */; };
		0339A3741D37FE260060ED91 /* Timetag.swift in Sources */ = {isa = PBXBuildFile; fileRef = 0339A3681D37FE250060ED91 /* Timetag.swift */; };
		0339A3761D37FE260060ED91 /* Int.swift in Sources */ = {isa = PBXBuildFile; fileRef = 0339A36A1D37FE250060ED91 /* Int.swift */; };
		0339A3771D37FE260060ED91 /* OSCTypeProtocol.swift in Sources */ = {isa = PBXBuildFile; fileRef = 0339A36B1D37FE250060ED91 /* OSCTypeProtocol.swift */; };
		03AEB7B61D38280700F97DB1 /* SwiftOSCTests.swift in Sources */ = {isa = PBXBuildFile; fileRef = 03AEB7B51D38280700F97DB1 /* SwiftOSCTests.swift */; };
		03AEB7B81D38280700F97DB1 /* SwiftOSC.framework in Frameworks */ = {isa = PBXBuildFile; fileRef = 0339A3541D37FCEB0060ED91 /* SwiftOSC.framework */; };
/* End PBXBuildFile section */

/* Begin PBXContainerItemProxy section */
		03AEB7B91D38280700F97DB1 /* PBXContainerItemProxy */ = {
			isa = PBXContainerItemProxy;
			containerPortal = 0339A34B1D37FCEB0060ED91 /* Project object */;
			proxyType = 1;
			remoteGlobalIDString = 0339A3531D37FCEB0060ED91;
			remoteInfo = SwiftOSC;
		};
/* End PBXContainerItemProxy section */

/* Begin PBXFileReference section */
		03093B2B1D3800AF002FD8A9 /* OSCAddress.swift */ = {isa = PBXFileReference; fileEncoding = 4; lastKnownFileType = sourcecode.swift; path = OSCAddress.swift; sourceTree = "<group>"; };
		03093B2C1D3800AF002FD8A9 /* OSCAddressPattern.swift */ = {isa = PBXFileReference; fileEncoding = 4; lastKnownFileType = sourcecode.swift; path = OSCAddressPattern.swift; sourceTree = "<group>"; };
		03093B2E1D3800AF002FD8A9 /* OSCClient.swift */ = {isa = PBXFileReference; fileEncoding = 4; lastKnownFileType = sourcecode.swift; path = OSCClient.swift; sourceTree = "<group>"; };
		03093B2F1D3800AF002FD8A9 /* OSCServer.swift */ = {isa = PBXFileReference; fileEncoding = 4; lastKnownFileType = sourcecode.swift; path = OSCServer.swift; sourceTree = "<group>"; };
		03093B311D3800AF002FD8A9 /* OSCBundle.swift */ = {isa = PBXFileReference; fileEncoding = 4; lastKnownFileType = sourcecode.swift; path = OSCBundle.swift; sourceTree = "<group>"; };
		03093B321D3800AF002FD8A9 /* OSCElementProtocol.swift */ = {isa = PBXFileReference; fileEncoding = 4; lastKnownFileType = sourcecode.swift; path = OSCElementProtocol.swift; sourceTree = "<group>"; };
		03093B331D3800AF002FD8A9 /* OSCMessage.swift */ = {isa = PBXFileReference; fileEncoding = 4; lastKnownFileType = sourcecode.swift; path = OSCMessage.swift; sourceTree = "<group>"; };
		03093B351D3800AF002FD8A9 /* Extensions.swift */ = {isa = PBXFileReference; fileEncoding = 4; lastKnownFileType = sourcecode.swift; path = Extensions.swift; sourceTree = "<group>"; };
		03093B361D3800AF002FD8A9 /* Timer.swift */ = {isa = PBXFileReference; fileEncoding = 4; lastKnownFileType = sourcecode.swift; path = Timer.swift; sourceTree = "<group>"; };
		03093B401D380AA3002FD8A9 /* ysocket.swift */ = {isa = PBXFileReference; fileEncoding = 4; lastKnownFileType = sourcecode.swift; path = ysocket.swift; sourceTree = "<group>"; };
		03093B411D380AA3002FD8A9 /* yudpsocket.c */ = {isa = PBXFileReference; fileEncoding = 4; lastKnownFileType = sourcecode.c.c; path = yudpsocket.c; sourceTree = "<group>"; };
		03093B421D380AA3002FD8A9 /* yudpsocket.swift */ = {isa = PBXFileReference; fileEncoding = 4; lastKnownFileType = sourcecode.swift; path = yudpsocket.swift; sourceTree = "<group>"; };
		0339A3541D37FCEB0060ED91 /* SwiftOSC.framework */ = {isa = PBXFileReference; explicitFileType = wrapper.framework; includeInIndex = 0; path = SwiftOSC.framework; sourceTree = BUILT_PRODUCTS_DIR; };
		0339A3571D37FCEB0060ED91 /* SwiftOSC.h */ = {isa = PBXFileReference; lastKnownFileType = sourcecode.c.h; path = SwiftOSC.h; sourceTree = "<group>"; };
		0339A3581D37FCEB0060ED91 /* Info.plist */ = {isa = PBXFileReference; lastKnownFileType = text.plist.xml; path = Info.plist; sourceTree = "<group>"; };
		0339A3601D37FE250060ED91 /* Float.swift */ = {isa = PBXFileReference; fileEncoding = 4; lastKnownFileType = sourcecode.swift; path = Float.swift; sourceTree = "<group>"; };
		0339A3611D37FE250060ED91 /* String.swift */ = {isa = PBXFileReference; fileEncoding = 4; lastKnownFileType = sourcecode.swift; path = String.swift; sourceTree = "<group>"; };
		0339A3631D37FE250060ED91 /* Blob.swift */ = {isa = PBXFileReference; fileEncoding = 4; lastKnownFileType = sourcecode.swift; path = Blob.swift; sourceTree = "<group>"; };
		0339A3641D37FE250060ED91 /* Bool.swift */ = {isa = PBXFileReference; fileEncoding = 4; lastKnownFileType = sourcecode.swift; path = Bool.swift; sourceTree = "<group>"; };
		0339A3671D37FE250060ED91 /* Impulse.swift */ = {isa = PBXFileReference; fileEncoding = 4; lastKnownFileType = sourcecode.swift; path = Impulse.swift; sourceTree = "<group>"; };
		0339A3681D37FE250060ED91 /* Timetag.swift */ = {isa = PBXFileReference; fileEncoding = 4; lastKnownFileType = sourcecode.swift; path = Timetag.swift; sourceTree = "<group>"; };
		0339A36A1D37FE250060ED91 /* Int.swift */ = {isa = PBXFileReference; fileEncoding = 4; lastKnownFileType = sourcecode.swift; path = Int.swift; sourceTree = "<group>"; };
		0339A36B1D37FE250060ED91 /* OSCTypeProtocol.swift */ = {isa = PBXFileReference; fileEncoding = 4; lastKnownFileType = sourcecode.swift; path = OSCTypeProtocol.swift; sourceTree = "<group>"; };
		03AEB7B31D38280700F97DB1 /* SwiftOSCTests.xctest */ = {isa = PBXFileReference; explicitFileType = wrapper.cfbundle; includeInIndex = 0; path = SwiftOSCTests.xctest; sourceTree = BUILT_PRODUCTS_DIR; };
		03AEB7B51D38280700F97DB1 /* SwiftOSCTests.swift */ = {isa = PBXFileReference; lastKnownFileType = sourcecode.swift; path = SwiftOSCTests.swift; sourceTree = "<group>"; };
		03AEB7B71D38280700F97DB1 /* Info.plist */ = {isa = PBXFileReference; lastKnownFileType = text.plist.xml; path = Info.plist; sourceTree = "<group>"; };
/* End PBXFileReference section */

/* Begin PBXFrameworksBuildPhase section */
		0339A3501D37FCEB0060ED91 /* Frameworks */ = {
			isa = PBXFrameworksBuildPhase;
			buildActionMask = 2147483647;
			files = (
			);
			runOnlyForDeploymentPostprocessing = 0;
		};
		03AEB7B01D38280700F97DB1 /* Frameworks */ = {
			isa = PBXFrameworksBuildPhase;
			buildActionMask = 2147483647;
			files = (
				03AEB7B81D38280700F97DB1 /* SwiftOSC.framework in Frameworks */,
			);
			runOnlyForDeploymentPostprocessing = 0;
		};
/* End PBXFrameworksBuildPhase section */

/* Begin PBXGroup section */
		03093B2A1D3800AF002FD8A9 /* Addresses */ = {
			isa = PBXGroup;
			children = (
				03093B2B1D3800AF002FD8A9 /* OSCAddress.swift */,
				03093B2C1D3800AF002FD8A9 /* OSCAddressPattern.swift */,
			);
			path = Addresses;
			sourceTree = "<group>";
		};
		03093B2D1D3800AF002FD8A9 /* Communication */ = {
			isa = PBXGroup;
			children = (
				03093B2E1D3800AF002FD8A9 /* OSCClient.swift */,
				03093B2F1D3800AF002FD8A9 /* OSCServer.swift */,
				03093B461D380AA9002FD8A9 /* ysocket */,
			);
			path = Communication;
			sourceTree = "<group>";
		};
		03093B301D3800AF002FD8A9 /* Elements */ = {
			isa = PBXGroup;
			children = (
				03093B321D3800AF002FD8A9 /* OSCElementProtocol.swift */,
				03093B311D3800AF002FD8A9 /* OSCBundle.swift */,
				03093B331D3800AF002FD8A9 /* OSCMessage.swift */,
			);
			path = Elements;
			sourceTree = "<group>";
		};
		03093B341D3800AF002FD8A9 /* Helpers */ = {
			isa = PBXGroup;
			children = (
				03093B351D3800AF002FD8A9 /* Extensions.swift */,
				03093B361D3800AF002FD8A9 /* Timer.swift */,
			);
			path = Helpers;
			sourceTree = "<group>";
		};
		03093B461D380AA9002FD8A9 /* ysocket */ = {
			isa = PBXGroup;
			children = (
				03093B401D380AA3002FD8A9 /* ysocket.swift */,
				03093B411D380AA3002FD8A9 /* yudpsocket.c */,
				03093B421D380AA3002FD8A9 /* yudpsocket.swift */,
			);
			path = ysocket;
			sourceTree = "<group>";
		};
		0339A34A1D37FCEB0060ED91 = {
			isa = PBXGroup;
			children = (
				0339A3561D37FCEB0060ED91 /* SwiftOSC */,
				03AEB7B41D38280700F97DB1 /* SwiftOSCTests */,
				0339A3551D37FCEB0060ED91 /* Products */,
			);
			sourceTree = "<group>";
		};
		0339A3551D37FCEB0060ED91 /* Products */ = {
			isa = PBXGroup;
			children = (
				0339A3541D37FCEB0060ED91 /* SwiftOSC.framework */,
				03AEB7B31D38280700F97DB1 /* SwiftOSCTests.xctest */,
			);
			name = Products;
			sourceTree = "<group>";
		};
		0339A3561D37FCEB0060ED91 /* SwiftOSC */ = {
			isa = PBXGroup;
			children = (
				0339A3581D37FCEB0060ED91 /* Info.plist */,
				0339A3571D37FCEB0060ED91 /* SwiftOSC.h */,
				03093B2A1D3800AF002FD8A9 /* Addresses */,
				03093B2D1D3800AF002FD8A9 /* Communication */,
				03093B301D3800AF002FD8A9 /* Elements */,
				03093B341D3800AF002FD8A9 /* Helpers */,
				0339A35F1D37FE250060ED91 /* Types */,
			);
			path = SwiftOSC;
			sourceTree = "<group>";
		};
		0339A35F1D37FE250060ED91 /* Types */ = {
			isa = PBXGroup;
			children = (
				0339A36B1D37FE250060ED91 /* OSCTypeProtocol.swift */,
				0339A36A1D37FE250060ED91 /* Int.swift */,
				0339A3601D37FE250060ED91 /* Float.swift */,
				0339A3611D37FE250060ED91 /* String.swift */,
				0339A3631D37FE250060ED91 /* Blob.swift */,
				0339A3641D37FE250060ED91 /* Bool.swift */,
				0339A3671D37FE250060ED91 /* Impulse.swift */,
				0339A3681D37FE250060ED91 /* Timetag.swift */,
			);
			path = Types;
			sourceTree = "<group>";
		};
		03AEB7B41D38280700F97DB1 /* SwiftOSCTests */ = {
			isa = PBXGroup;
			children = (
				03AEB7B51D38280700F97DB1 /* SwiftOSCTests.swift */,
				03AEB7B71D38280700F97DB1 /* Info.plist */,
			);
			path = SwiftOSCTests;
			sourceTree = "<group>";
		};
/* End PBXGroup section */

/* Begin PBXHeadersBuildPhase section */
		0339A3511D37FCEB0060ED91 /* Headers */ = {
			isa = PBXHeadersBuildPhase;
			buildActionMask = 2147483647;
			files = (
				0339A3591D37FCEB0060ED91 /* SwiftOSC.h in Headers */,
			);
			runOnlyForDeploymentPostprocessing = 0;
		};
/* End PBXHeadersBuildPhase section */

/* Begin PBXNativeTarget section */
		0339A3531D37FCEB0060ED91 /* SwiftOSC */ = {
			isa = PBXNativeTarget;
			buildConfigurationList = 0339A35C1D37FCEB0060ED91 /* Build configuration list for PBXNativeTarget "SwiftOSC" */;
			buildPhases = (
				0339A34F1D37FCEB0060ED91 /* Sources */,
				0339A3501D37FCEB0060ED91 /* Frameworks */,
				0339A3511D37FCEB0060ED91 /* Headers */,
				0339A3521D37FCEB0060ED91 /* Resources */,
			);
			buildRules = (
			);
			dependencies = (
			);
			name = SwiftOSC;
			productName = SwiftOSC;
			productReference = 0339A3541D37FCEB0060ED91 /* SwiftOSC.framework */;
			productType = "com.apple.product-type.framework";
		};
		03AEB7B21D38280700F97DB1 /* SwiftOSCTests */ = {
			isa = PBXNativeTarget;
			buildConfigurationList = 03AEB7BD1D38280700F97DB1 /* Build configuration list for PBXNativeTarget "SwiftOSCTests" */;
			buildPhases = (
				03AEB7AF1D38280700F97DB1 /* Sources */,
				03AEB7B01D38280700F97DB1 /* Frameworks */,
				03AEB7B11D38280700F97DB1 /* Resources */,
			);
			buildRules = (
			);
			dependencies = (
				03AEB7BA1D38280700F97DB1 /* PBXTargetDependency */,
			);
			name = SwiftOSCTests;
			productName = SwiftOSCTests;
			productReference = 03AEB7B31D38280700F97DB1 /* SwiftOSCTests.xctest */;
			productType = "com.apple.product-type.bundle.unit-test";
		};
/* End PBXNativeTarget section */

/* Begin PBXProject section */
		0339A34B1D37FCEB0060ED91 /* Project object */ = {
			isa = PBXProject;
			attributes = {
				LastSwiftUpdateCheck = 0800;
				LastUpgradeCheck = 0830;
				ORGANIZATIONNAME = "Devin Roth Music";
				TargetAttributes = {
					0339A3531D37FCEB0060ED91 = {
						CreatedOnToolsVersion = 8.0;
						DevelopmentTeam = 638F7EDPVY;
						DevelopmentTeamName = "Devin Roth (Personal Team)";
						LastSwiftMigration = 0800;
						ProvisioningStyle = Automatic;
					};
					03AEB7B21D38280700F97DB1 = {
						CreatedOnToolsVersion = 8.0;
						DevelopmentTeam = 638F7EDPVY;
						DevelopmentTeamName = "Devin Roth (Personal Team)";
						ProvisioningStyle = Automatic;
					};
				};
			};
			buildConfigurationList = 0339A34E1D37FCEB0060ED91 /* Build configuration list for PBXProject "SwiftOSC" */;
			compatibilityVersion = "Xcode 3.2";
			developmentRegion = English;
			hasScannedForEncodings = 0;
			knownRegions = (
				en,
			);
			mainGroup = 0339A34A1D37FCEB0060ED91;
			productRefGroup = 0339A3551D37FCEB0060ED91 /* Products */;
			projectDirPath = "";
			projectRoot = "";
			targets = (
				0339A3531D37FCEB0060ED91 /* SwiftOSC */,
				03AEB7B21D38280700F97DB1 /* SwiftOSCTests */,
			);
		};
/* End PBXProject section */

/* Begin PBXResourcesBuildPhase section */
		0339A3521D37FCEB0060ED91 /* Resources */ = {
			isa = PBXResourcesBuildPhase;
			buildActionMask = 2147483647;
			files = (
			);
			runOnlyForDeploymentPostprocessing = 0;
		};
		03AEB7B11D38280700F97DB1 /* Resources */ = {
			isa = PBXResourcesBuildPhase;
			buildActionMask = 2147483647;
			files = (
			);
			runOnlyForDeploymentPostprocessing = 0;
		};
/* End PBXResourcesBuildPhase section */

/* Begin PBXSourcesBuildPhase section */
		0339A34F1D37FCEB0060ED91 /* Sources */ = {
			isa = PBXSourcesBuildPhase;
			buildActionMask = 2147483647;
			files = (
				03093B3A1D3800AF002FD8A9 /* OSCServer.swift in Sources */,
				03093B391D3800AF002FD8A9 /* OSCClient.swift in Sources */,
				0339A3741D37FE260060ED91 /* Timetag.swift in Sources */,
				03093B441D380AA3002FD8A9 /* yudpsocket.c in Sources */,
				03093B3F1D3800AF002FD8A9 /* Timer.swift in Sources */,
				03093B381D3800AF002FD8A9 /* OSCAddressPattern.swift in Sources */,
				03093B451D380AA3002FD8A9 /* yudpsocket.swift in Sources */,
				03093B3C1D3800AF002FD8A9 /* OSCElementProtocol.swift in Sources */,
				0339A36F1D37FE260060ED91 /* Blob.swift in Sources */,
				0339A3761D37FE260060ED91 /* Int.swift in Sources */,
				03093B3E1D3800AF002FD8A9 /* Extensions.swift in Sources */,
				0339A3701D37FE260060ED91 /* Bool.swift in Sources */,
				03093B3B1D3800AF002FD8A9 /* OSCBundle.swift in Sources */,
				0339A3731D37FE260060ED91 /* Impulse.swift in Sources */,
				03093B431D380AA3002FD8A9 /* ysocket.swift in Sources */,
				03093B3D1D3800AF002FD8A9 /* OSCMessage.swift in Sources */,
				0339A36D1D37FE260060ED91 /* String.swift in Sources */,
				0339A36C1D37FE250060ED91 /* Float.swift in Sources */,
				03093B371D3800AF002FD8A9 /* OSCAddress.swift in Sources */,
				0339A3771D37FE260060ED91 /* OSCTypeProtocol.swift in Sources */,
			);
			runOnlyForDeploymentPostprocessing = 0;
		};
		03AEB7AF1D38280700F97DB1 /* Sources */ = {
			isa = PBXSourcesBuildPhase;
			buildActionMask = 2147483647;
			files = (
				03AEB7B61D38280700F97DB1 /* SwiftOSCTests.swift in Sources */,
			);
			runOnlyForDeploymentPostprocessing = 0;
		};
/* End PBXSourcesBuildPhase section */

/* Begin PBXTargetDependency section */
		03AEB7BA1D38280700F97DB1 /* PBXTargetDependency */ = {
			isa = PBXTargetDependency;
			target = 0339A3531D37FCEB0060ED91 /* SwiftOSC */;
			targetProxy = 03AEB7B91D38280700F97DB1 /* PBXContainerItemProxy */;
		};
/* End PBXTargetDependency section */

/* Begin XCBuildConfiguration section */
		0339A35A1D37FCEB0060ED91 /* Debug */ = {
			isa = XCBuildConfiguration;
			buildSettings = {
				ALWAYS_SEARCH_USER_PATHS = NO;
				CLANG_ANALYZER_NONNULL = YES;
				CLANG_CXX_LANGUAGE_STANDARD = "gnu++0x";
				CLANG_CXX_LIBRARY = "libc++";
				CLANG_ENABLE_MODULES = YES;
				CLANG_ENABLE_OBJC_ARC = YES;
				CLANG_WARN_BOOL_CONVERSION = YES;
				CLANG_WARN_CONSTANT_CONVERSION = YES;
				CLANG_WARN_DIRECT_OBJC_ISA_USAGE = YES_ERROR;
				CLANG_WARN_DOCUMENTATION_COMMENTS = YES;
				CLANG_WARN_EMPTY_BODY = YES;
				CLANG_WARN_ENUM_CONVERSION = YES;
				CLANG_WARN_INFINITE_RECURSION = YES;
				CLANG_WARN_INT_CONVERSION = YES;
				CLANG_WARN_OBJC_ROOT_CLASS = YES_ERROR;
				CLANG_WARN_SUSPICIOUS_MOVE = YES;
				CLANG_WARN_UNREACHABLE_CODE = YES;
				CLANG_WARN__DUPLICATE_METHOD_MATCH = YES;
				CODE_SIGN_IDENTITY = "-";
				COPY_PHASE_STRIP = NO;
				CURRENT_PROJECT_VERSION = 1;
				DEBUG_INFORMATION_FORMAT = dwarf;
				ENABLE_STRICT_OBJC_MSGSEND = YES;
				ENABLE_TESTABILITY = YES;
				GCC_C_LANGUAGE_STANDARD = gnu99;
				GCC_DYNAMIC_NO_PIC = NO;
				GCC_NO_COMMON_BLOCKS = YES;
				GCC_OPTIMIZATION_LEVEL = 0;
				GCC_PREPROCESSOR_DEFINITIONS = (
					"DEBUG=1",
					"$(inherited)",
				);
				GCC_WARN_64_TO_32_BIT_CONVERSION = YES;
				GCC_WARN_ABOUT_RETURN_TYPE = YES_ERROR;
				GCC_WARN_UNDECLARED_SELECTOR = YES;
				GCC_WARN_UNINITIALIZED_AUTOS = YES_AGGRESSIVE;
				GCC_WARN_UNUSED_FUNCTION = YES;
				GCC_WARN_UNUSED_VARIABLE = YES;
				MACOSX_DEPLOYMENT_TARGET = 10.11;
				MTL_ENABLE_DEBUG_INFO = YES;
				ONLY_ACTIVE_ARCH = YES;
				SDKROOT = macosx;
				SWIFT_ACTIVE_COMPILATION_CONDITIONS = DEBUG;
				SWIFT_OPTIMIZATION_LEVEL = "-Onone";
				VERSIONING_SYSTEM = "apple-generic";
				VERSION_INFO_PREFIX = "";
			};
			name = Debug;
		};
		0339A35B1D37FCEB0060ED91 /* Release */ = {
			isa = XCBuildConfiguration;
			buildSettings = {
				ALWAYS_SEARCH_USER_PATHS = NO;
				CLANG_ANALYZER_NONNULL = YES;
				CLANG_CXX_LANGUAGE_STANDARD = "gnu++0x";
				CLANG_CXX_LIBRARY = "libc++";
				CLANG_ENABLE_MODULES = YES;
				CLANG_ENABLE_OBJC_ARC = YES;
				CLANG_WARN_BOOL_CONVERSION = YES;
				CLANG_WARN_CONSTANT_CONVERSION = YES;
				CLANG_WARN_DIRECT_OBJC_ISA_USAGE = YES_ERROR;
				CLANG_WARN_DOCUMENTATION_COMMENTS = YES;
				CLANG_WARN_EMPTY_BODY = YES;
				CLANG_WARN_ENUM_CONVERSION = YES;
				CLANG_WARN_INFINITE_RECURSION = YES;
				CLANG_WARN_INT_CONVERSION = YES;
				CLANG_WARN_OBJC_ROOT_CLASS = YES_ERROR;
				CLANG_WARN_SUSPICIOUS_MOVE = YES;
				CLANG_WARN_UNREACHABLE_CODE = YES;
				CLANG_WARN__DUPLICATE_METHOD_MATCH = YES;
				CODE_SIGN_IDENTITY = "-";
				COPY_PHASE_STRIP = NO;
				CURRENT_PROJECT_VERSION = 1;
				DEBUG_INFORMATION_FORMAT = "dwarf-with-dsym";
				ENABLE_NS_ASSERTIONS = NO;
				ENABLE_STRICT_OBJC_MSGSEND = YES;
				GCC_C_LANGUAGE_STANDARD = gnu99;
				GCC_NO_COMMON_BLOCKS = YES;
				GCC_WARN_64_TO_32_BIT_CONVERSION = YES;
				GCC_WARN_ABOUT_RETURN_TYPE = YES_ERROR;
				GCC_WARN_UNDECLARED_SELECTOR = YES;
				GCC_WARN_UNINITIALIZED_AUTOS = YES_AGGRESSIVE;
				GCC_WARN_UNUSED_FUNCTION = YES;
				GCC_WARN_UNUSED_VARIABLE = YES;
				MACOSX_DEPLOYMENT_TARGET = 10.11;
				MTL_ENABLE_DEBUG_INFO = NO;
				SDKROOT = macosx;
				SWIFT_OPTIMIZATION_LEVEL = "-Owholemodule";
				VERSIONING_SYSTEM = "apple-generic";
				VERSION_INFO_PREFIX = "";
			};
			name = Release;
		};
		0339A35D1D37FCEB0060ED91 /* Debug */ = {
			isa = XCBuildConfiguration;
			buildSettings = {
				CLANG_ENABLE_MODULES = YES;
				COMBINE_HIDPI_IMAGES = YES;
				DEFINES_MODULE = YES;
				DYLIB_COMPATIBILITY_VERSION = 1;
				DYLIB_CURRENT_VERSION = 1;
				DYLIB_INSTALL_NAME_BASE = "@rpath";
				FRAMEWORK_VERSION = A;
				INFOPLIST_FILE = SwiftOSC/Info.plist;
				INSTALL_PATH = "$(LOCAL_LIBRARY_DIR)/Frameworks";
				LD_RUNPATH_SEARCH_PATHS = "$(inherited) @executable_path/../Frameworks @loader_path/Frameworks";
				OTHER_LDFLAGS = "";
				PRODUCT_BUNDLE_IDENTIFIER = com.devinrothmusic.SwiftOSC;
				PRODUCT_NAME = "$(TARGET_NAME)";
				SKIP_INSTALL = YES;
				STRIP_STYLE = all;
				SWIFT_OPTIMIZATION_LEVEL = "-Onone";
				SWIFT_VERSION = 3.0;
			};
			name = Debug;
		};
		0339A35E1D37FCEB0060ED91 /* Release */ = {
			isa = XCBuildConfiguration;
			buildSettings = {
				CLANG_ENABLE_MODULES = YES;
				COMBINE_HIDPI_IMAGES = YES;
				DEFINES_MODULE = YES;
				DYLIB_COMPATIBILITY_VERSION = 1;
				DYLIB_CURRENT_VERSION = 1;
				DYLIB_INSTALL_NAME_BASE = "@rpath";
				FRAMEWORK_VERSION = A;
				INFOPLIST_FILE = SwiftOSC/Info.plist;
				INSTALL_PATH = "$(LOCAL_LIBRARY_DIR)/Frameworks";
				LD_RUNPATH_SEARCH_PATHS = "$(inherited) @executable_path/../Frameworks @loader_path/Frameworks";
				PRODUCT_BUNDLE_IDENTIFIER = com.devinrothmusic.SwiftOSC;
				PRODUCT_NAME = "$(TARGET_NAME)";
				SKIP_INSTALL = YES;
				STRIP_STYLE = all;
				SWIFT_VERSION = 3.0;
			};
			name = Release;
		};
		03AEB7BB1D38280700F97DB1 /* Debug */ = {
			isa = XCBuildConfiguration;
			buildSettings = {
				COMBINE_HIDPI_IMAGES = YES;
				INFOPLIST_FILE = SwiftOSCTests/Info.plist;
				LD_RUNPATH_SEARCH_PATHS = "$(inherited) @executable_path/../Frameworks @loader_path/../Frameworks";
				PRODUCT_BUNDLE_IDENTIFIER = com.devinrothmusic.SwiftOSCTests;
				PRODUCT_NAME = "$(TARGET_NAME)";
				SWIFT_VERSION = 3.0;
			};
			name = Debug;
		};
		03AEB7BC1D38280700F97DB1 /* Release */ = {
			isa = XCBuildConfiguration;
			buildSettings = {
				COMBINE_HIDPI_IMAGES = YES;
				INFOPLIST_FILE = SwiftOSCTests/Info.plist;
				LD_RUNPATH_SEARCH_PATHS = "$(inherited) @executable_path/../Frameworks @loader_path/../Frameworks";
				PRODUCT_BUNDLE_IDENTIFIER = com.devinrothmusic.SwiftOSCTests;
				PRODUCT_NAME = "$(TARGET_NAME)";
				SWIFT_VERSION = 3.0;
			};
			name = Release;
		};
/* End XCBuildConfiguration section */

/* Begin XCConfigurationList section */
		0339A34E1D37FCEB0060ED91 /* Build configuration list for PBXProject "SwiftOSC" */ = {
			isa = XCConfigurationList;
			buildConfigurations = (
				0339A35A1D37FCEB0060ED91 /* Debug */,
				0339A35B1D37FCEB0060ED91 /* Release */,
			);
			defaultConfigurationIsVisible = 0;
			defaultConfigurationName = Release;
		};
		0339A35C1D37FCEB0060ED91 /* Build configuration list for PBXNativeTarget "SwiftOSC" */ = {
			isa = XCConfigurationList;
			buildConfigurations = (
				0339A35D1D37FCEB0060ED91 /* Debug */,
				0339A35E1D37FCEB0060ED91 /* Release */,
			);
			defaultConfigurationIsVisible = 0;
			defaultConfigurationName = Release;
		};
		03AEB7BD1D38280700F97DB1 /* Build configuration list for PBXNativeTarget "SwiftOSCTests" */ = {
			isa = XCConfigurationList;
			buildConfigurations = (
				03AEB7BB1D38280700F97DB1 /* Debug */,
				03AEB7BC1D38280700F97DB1 /* Release */,
			);
			defaultConfigurationIsVisible = 0;
			defaultConfigurationName = Release;
		};
/* End XCConfigurationList section */
	};
	rootObject = 0339A34B1D37FCEB0060ED91 /* Project object */;
}
